
Microsoft Visual Studio Solution File, Format Version 12.00
# Visual Studio Version 16
VisualStudioVersion = 16.0.29613.14
MinimumVisualStudioVersion = 10.0.40219.1
Project("{FAE04EC0-301F-11D3-BF4B-00C04F79EFBC}") = "SinglePageApp", "SinglePageApp\SinglePageApp.csproj", "{1D4A6321-4FB9-4E15-81BA-E4EDB80DF308}"
EndProject
Global
	GlobalSection(SolutionConfigurationPlatforms) = preSolution
		Debug|Any CPU = Debug|Any CPU
		Release|Any CPU = Release|Any CPU
	EndGlobalSection
	GlobalSection(ProjectConfigurationPlatforms) = postSolution
		{1D4A6321-4FB9-4E15-81BA-E4EDB80DF308}.Debug|Any CPU.ActiveCfg = Debug|Any CPU
		{1D4A6321-4FB9-4E15-81BA-E4EDB80DF308}.Debug|Any CPU.Build.0 = Debug|Any CPU
		{1D4A6321-4FB9-4E15-81BA-E4EDB80DF308}.Release|Any CPU.ActiveCfg = Release|Any CPU
		{1D4A6321-4FB9-4E15-81BA-E4EDB80DF308}.Release|Any CPU.Build.0 = Release|Any CPU
	EndGlobalSection
	GlobalSection(SolutionProperties) = preSolution
		HideSolutionNode = FALSE
	EndGlobalSection
	GlobalSection(ExtensibilityGlobals) = postSolution
		SolutionGuid = {7778213F-8040-4BD0-A2BC-3389936D1858}
	EndGlobalSection
EndGlobal
